
Microsoft Visual Studio Solution File, Format Version 12.00
# Visual Studio Version 17
VisualStudioVersion = 17.1.32210.238
MinimumVisualStudioVersion = 10.0.40219.1
Project("{FAE04EC0-301F-11D3-BF4B-00C04F79EFBC}") = "ClassLibrary1", "ClassLibrary1\ClassLibrary1.csproj", "{3CC42A04-9494-4067-A6E3-2C2309D4F660}"
EndProject
Global
	GlobalSection(SolutionConfigurationPlatforms) = preSolution
		Debug|Any CPU = Debug|Any CPU
		Release|Any CPU = Release|Any CPU
	EndGlobalSection
	GlobalSection(ProjectConfigurationPlatforms) = postSolution
		{3CC42A04-9494-4067-A6E3-2C2309D4F660}.Debug|Any CPU.ActiveCfg = Debug|Any CPU
		{3CC42A04-9494-4067-A6E3-2C2309D4F660}.Debug|Any CPU.Build.0 = Debug|Any CPU
		{3CC42A04-9494-4067-A6E3-2C2309D4F660}.Release|Any CPU.ActiveCfg = Release|Any CPU
		{3CC42A04-9494-4067-A6E3-2C2309D4F660}.Release|Any CPU.Build.0 = Release|Any CPU
	EndGlobalSection
	GlobalSection(SolutionProperties) = preSolution
		HideSolutionNode = FALSE
	EndGlobalSection
	GlobalSection(ExtensibilityGlobals) = postSolution
		SolutionGuid = {63B4270A-08AE-4E93-9105-BC1A4D13055C}
	EndGlobalSection
EndGlobal
